
Microsoft Visual Studio Solution File, Format Version 12.00
Project("{FAE04EC0-301F-11D3-BF4B-00C04F79EFBC}") = "InveonBootcamp", "InveonBootcamp\InveonBootcamp.csproj", "{84AF303B-112E-467B-8C9F-C7E84AC00C8D}"
EndProject
Project("{FAE04EC0-301F-11D3-BF4B-00C04F79EFBC}") = "InveonConsoleApp", "InveonConsoleApp\InveonConsoleApp.csproj", "{AA0AC3D0-DF5D-4FFB-8D1B-FB6B72CEEC2B}"
EndProject
Global
	GlobalSection(SolutionConfigurationPlatforms) = preSolution
		Debug|Any CPU = Debug|Any CPU
		Release|Any CPU = Release|Any CPU
	EndGlobalSection
	GlobalSection(ProjectConfigurationPlatforms) = postSolution
		{84AF303B-112E-467B-8C9F-C7E84AC00C8D}.Debug|Any CPU.ActiveCfg = Debug|Any CPU
		{84AF303B-112E-467B-8C9F-C7E84AC00C8D}.Debug|Any CPU.Build.0 = Debug|Any CPU
		{84AF303B-112E-467B-8C9F-C7E84AC00C8D}.Release|Any CPU.ActiveCfg = Release|Any CPU
		{84AF303B-112E-467B-8C9F-C7E84AC00C8D}.Release|Any CPU.Build.0 = Release|Any CPU
		{AA0AC3D0-DF5D-4FFB-8D1B-FB6B72CEEC2B}.Debug|Any CPU.ActiveCfg = Debug|Any CPU
		{AA0AC3D0-DF5D-4FFB-8D1B-FB6B72CEEC2B}.Debug|Any CPU.Build.0 = Debug|Any CPU
		{AA0AC3D0-DF5D-4FFB-8D1B-FB6B72CEEC2B}.Release|Any CPU.ActiveCfg = Release|Any CPU
		{AA0AC3D0-DF5D-4FFB-8D1B-FB6B72CEEC2B}.Release|Any CPU.Build.0 = Release|Any CPU
	EndGlobalSection
EndGlobal
