
Microsoft Visual Studio Solution File, Format Version 12.00
Project("{2150E333-8FDC-42A3-9474-1A3956D46DE8}") = "Solution Items", "Solution Items", "{D13B422D-3F68-4F7B-BAAD-BDE21F38D7FC}"
	ProjectSection(SolutionItems) = preProject
		compose.yaml = compose.yaml
		README.md = README.md
	EndProjectSection
EndProject
Project("{FAE04EC0-301F-11D3-BF4B-00C04F79EFBC}") = "SmartShelf", "SmartShelf\SmartShelf.csproj", "{42ABDA86-7078-4B1A-8448-99CECD235B00}"
EndProject
Global
	GlobalSection(SolutionConfigurationPlatforms) = preSolution
		Debug|Any CPU = Debug|Any CPU
		Release|Any CPU = Release|Any CPU
	EndGlobalSection
	GlobalSection(ProjectConfigurationPlatforms) = postSolution
		{42ABDA86-7078-4B1A-8448-99CECD235B00}.Debug|Any CPU.ActiveCfg = Debug|Any CPU
		{42ABDA86-7078-4B1A-8448-99CECD235B00}.Debug|Any CPU.Build.0 = Debug|Any CPU
		{42ABDA86-7078-4B1A-8448-99CECD235B00}.Release|Any CPU.ActiveCfg = Release|Any CPU
		{42ABDA86-7078-4B1A-8448-99CECD235B00}.Release|Any CPU.Build.0 = Release|Any CPU
	EndGlobalSection
EndGlobal
